
Microsoft Visual Studio Solution File, Format Version 12.00
# Visual Studio Version 16
VisualStudioVersion = 16.0.33423.256
MinimumVisualStudioVersion = 10.0.40219.1
Project("{FAE04EC0-301F-11D3-BF4B-00C04F79EFBC}") = "businessCRUD", "businessCRUD\businessCRUD.csproj", "{F7A95E68-D705-428C-A0A3-A3953585EC2A}"
EndProject
Global
	GlobalSection(SolutionConfigurationPlatforms) = preSolution
		Debug|Any CPU = Debug|Any CPU
		Release|Any CPU = Release|Any CPU
	EndGlobalSection
	GlobalSection(ProjectConfigurationPlatforms) = postSolution
		{F7A95E68-D705-428C-A0A3-A3953585EC2A}.Debug|Any CPU.ActiveCfg = Debug|Any CPU
		{F7A95E68-D705-428C-A0A3-A3953585EC2A}.Debug|Any CPU.Build.0 = Debug|Any CPU
		{F7A95E68-D705-428C-A0A3-A3953585EC2A}.Release|Any CPU.ActiveCfg = Release|Any CPU
		{F7A95E68-D705-428C-A0A3-A3953585EC2A}.Release|Any CPU.Build.0 = Release|Any CPU
	EndGlobalSection
	GlobalSection(SolutionProperties) = preSolution
		HideSolutionNode = FALSE
	EndGlobalSection
	GlobalSection(ExtensibilityGlobals) = postSolution
		SolutionGuid = {3450F1F3-3EBF-4E99-A189-2E3B185A63A0}
	EndGlobalSection
EndGlobal
